
Microsoft Visual Studio Solution File, Format Version 12.00
# Visual Studio 2013
VisualStudioVersion = 12.0.21005.1
MinimumVisualStudioVersion = 10.0.40219.1
Project("{FAE04EC0-301F-11D3-BF4B-00C04F79EFBC}") = "DevOpsPOCGit", "DevOpsPOCGit\DevOpsPOCGit.csproj", "{CA1252D1-D4FE-4E62-A82D-E2C7ACA22A6B}"
EndProject
Global
	GlobalSection(SolutionConfigurationPlatforms) = preSolution
		Debug|Any CPU = Debug|Any CPU
		Release|Any CPU = Release|Any CPU
	EndGlobalSection
	GlobalSection(ProjectConfigurationPlatforms) = postSolution
		{CA1252D1-D4FE-4E62-A82D-E2C7ACA22A6B}.Debug|Any CPU.ActiveCfg = Debug|Any CPU
		{CA1252D1-D4FE-4E62-A82D-E2C7ACA22A6B}.Debug|Any CPU.Build.0 = Debug|Any CPU
		{CA1252D1-D4FE-4E62-A82D-E2C7ACA22A6B}.Release|Any CPU.ActiveCfg = Release|Any CPU
		{CA1252D1-D4FE-4E62-A82D-E2C7ACA22A6B}.Release|Any CPU.Build.0 = Release|Any CPU
	EndGlobalSection
	GlobalSection(SolutionProperties) = preSolution
		HideSolutionNode = FALSE
	EndGlobalSection
EndGlobal
